
Microsoft Visual Studio Solution File, Format Version 12.00
# Visual Studio Version 17
VisualStudioVersion = 17.7.34031.279
MinimumVisualStudioVersion = 10.0.40219.1
Project("{9A19103F-16F7-4668-BE54-9A1E7A4F7556}") = "Pokedex.Server", "Pokedex\Server\Pokedex.Server.csproj", "{8670D3AA-6928-4792-9ACD-937F0860D179}"
EndProject
Project("{9A19103F-16F7-4668-BE54-9A1E7A4F7556}") = "Pokedex.Client", "Pokedex\Client\Pokedex.Client.csproj", "{C2F0264E-F023-4DA2-8C85-388DE3685BD7}"
EndProject
Project("{9A19103F-16F7-4668-BE54-9A1E7A4F7556}") = "Pokedex.Shared", "Pokedex\Shared\Pokedex.Shared.csproj", "{337B4262-46FB-41A1-A18B-8583500394BB}"
EndProject
Global
	GlobalSection(SolutionConfigurationPlatforms) = preSolution
		Debug|Any CPU = Debug|Any CPU
		Release|Any CPU = Release|Any CPU
	EndGlobalSection
	GlobalSection(ProjectConfigurationPlatforms) = postSolution
		{8670D3AA-6928-4792-9ACD-937F0860D179}.Debug|Any CPU.ActiveCfg = Debug|Any CPU
		{8670D3AA-6928-4792-9ACD-937F0860D179}.Debug|Any CPU.Build.0 = Debug|Any CPU
		{8670D3AA-6928-4792-9ACD-937F0860D179}.Release|Any CPU.ActiveCfg = Release|Any CPU
		{8670D3AA-6928-4792-9ACD-937F0860D179}.Release|Any CPU.Build.0 = Release|Any CPU
		{C2F0264E-F023-4DA2-8C85-388DE3685BD7}.Debug|Any CPU.ActiveCfg = Debug|Any CPU
		{C2F0264E-F023-4DA2-8C85-388DE3685BD7}.Debug|Any CPU.Build.0 = Debug|Any CPU
		{C2F0264E-F023-4DA2-8C85-388DE3685BD7}.Release|Any CPU.ActiveCfg = Release|Any CPU
		{C2F0264E-F023-4DA2-8C85-388DE3685BD7}.Release|Any CPU.Build.0 = Release|Any CPU
		{337B4262-46FB-41A1-A18B-8583500394BB}.Debug|Any CPU.ActiveCfg = Debug|Any CPU
		{337B4262-46FB-41A1-A18B-8583500394BB}.Debug|Any CPU.Build.0 = Debug|Any CPU
		{337B4262-46FB-41A1-A18B-8583500394BB}.Release|Any CPU.ActiveCfg = Release|Any CPU
		{337B4262-46FB-41A1-A18B-8583500394BB}.Release|Any CPU.Build.0 = Release|Any CPU
	EndGlobalSection
	GlobalSection(SolutionProperties) = preSolution
		HideSolutionNode = FALSE
	EndGlobalSection
	GlobalSection(ExtensibilityGlobals) = postSolution
		SolutionGuid = {E61FD505-DE47-4CC2-8593-372747B75247}
	EndGlobalSection
EndGlobal
